
Microsoft Visual Studio Solution File, Format Version 12.00
Project("{FAE04EC0-301F-11D3-BF4B-00C04F79EFBC}") = "FtpDeployer", "FtpDeployer\FtpDeployer.csproj", "{7C3EE063-2A77-45F0-824D-6D43CA10484C}"
EndProject
Project("{2150E333-8FDC-42A3-9474-1A3956D46DE8}") = "Misc", "Misc", "{C9E3FF54-D22C-4EF9-9399-713955D64459}"
	ProjectSection(SolutionItems) = preProject
		FtpDeployer\README.md = README.md
	EndProjectSection
EndProject
Global
	GlobalSection(SolutionConfigurationPlatforms) = preSolution
		Debug|Any CPU = Debug|Any CPU
		Release|Any CPU = Release|Any CPU
	EndGlobalSection
	GlobalSection(ProjectConfigurationPlatforms) = postSolution
		{7C3EE063-2A77-45F0-824D-6D43CA10484C}.Debug|Any CPU.ActiveCfg = Debug|Any CPU
		{7C3EE063-2A77-45F0-824D-6D43CA10484C}.Debug|Any CPU.Build.0 = Debug|Any CPU
		{7C3EE063-2A77-45F0-824D-6D43CA10484C}.Release|Any CPU.ActiveCfg = Release|Any CPU
		{7C3EE063-2A77-45F0-824D-6D43CA10484C}.Release|Any CPU.Build.0 = Release|Any CPU
	EndGlobalSection
EndGlobal
